
Microsoft Visual Studio Solution File, Format Version 12.00
# Visual Studio Version 16
VisualStudioVersion = 16.0.31729.503
MinimumVisualStudioVersion = 10.0.40219.1
Project("{FAE04EC0-301F-11D3-BF4B-00C04F79EFBC}") = "bggparser", "bggparser\bggparser.csproj", "{F3A178E6-EE31-4F0B-80E3-25AE9C7DBE54}"
EndProject
Global
	GlobalSection(SolutionConfigurationPlatforms) = preSolution
		Debug|Any CPU = Debug|Any CPU
		Release|Any CPU = Release|Any CPU
	EndGlobalSection
	GlobalSection(ProjectConfigurationPlatforms) = postSolution
		{F3A178E6-EE31-4F0B-80E3-25AE9C7DBE54}.Debug|Any CPU.ActiveCfg = Debug|Any CPU
		{F3A178E6-EE31-4F0B-80E3-25AE9C7DBE54}.Debug|Any CPU.Build.0 = Debug|Any CPU
		{F3A178E6-EE31-4F0B-80E3-25AE9C7DBE54}.Release|Any CPU.ActiveCfg = Release|Any CPU
		{F3A178E6-EE31-4F0B-80E3-25AE9C7DBE54}.Release|Any CPU.Build.0 = Release|Any CPU
	EndGlobalSection
	GlobalSection(SolutionProperties) = preSolution
		HideSolutionNode = FALSE
	EndGlobalSection
	GlobalSection(ExtensibilityGlobals) = postSolution
		SolutionGuid = {38838641-FC37-48CE-A41C-B5567DF2E35D}
	EndGlobalSection
EndGlobal
